
Microsoft Visual Studio Solution File, Format Version 12.00
# Visual Studio Version 16
VisualStudioVersion = 16.0.30711.63
MinimumVisualStudioVersion = 10.0.40219.1
Project("{9A19103F-16F7-4668-BE54-9A1E7A4F7556}") = "Olx_finish", "Olx_finish\Olx_finish.csproj", "{F551C3EB-4E17-4C20-AB22-76A420C271F1}"
EndProject
Project("{9A19103F-16F7-4668-BE54-9A1E7A4F7556}") = "DataAccess", "DataAccess\DataAccess.csproj", "{742170AD-424B-4DA0-8F49-3381D8F299E0}"
EndProject
Project("{FAE04EC0-301F-11D3-BF4B-00C04F79EFBC}") = "Domain", "Domain\Domain.csproj", "{0D2F4151-DBF5-4BD3-B7B8-D8E2EBB57DA9}"
EndProject
Project("{FAE04EC0-301F-11D3-BF4B-00C04F79EFBC}") = "DTO", "DTO\DTO.csproj", "{BFC500A5-166E-4B46-AB18-94C8599CEBEC}"
EndProject
Global
	GlobalSection(SolutionConfigurationPlatforms) = preSolution
		Debug|Any CPU = Debug|Any CPU
		Release|Any CPU = Release|Any CPU
	EndGlobalSection
	GlobalSection(ProjectConfigurationPlatforms) = postSolution
		{F551C3EB-4E17-4C20-AB22-76A420C271F1}.Debug|Any CPU.ActiveCfg = Debug|Any CPU
		{F551C3EB-4E17-4C20-AB22-76A420C271F1}.Debug|Any CPU.Build.0 = Debug|Any CPU
		{F551C3EB-4E17-4C20-AB22-76A420C271F1}.Release|Any CPU.ActiveCfg = Release|Any CPU
		{F551C3EB-4E17-4C20-AB22-76A420C271F1}.Release|Any CPU.Build.0 = Release|Any CPU
		{742170AD-424B-4DA0-8F49-3381D8F299E0}.Debug|Any CPU.ActiveCfg = Debug|Any CPU
		{742170AD-424B-4DA0-8F49-3381D8F299E0}.Debug|Any CPU.Build.0 = Debug|Any CPU
		{742170AD-424B-4DA0-8F49-3381D8F299E0}.Release|Any CPU.ActiveCfg = Release|Any CPU
		{742170AD-424B-4DA0-8F49-3381D8F299E0}.Release|Any CPU.Build.0 = Release|Any CPU
		{0D2F4151-DBF5-4BD3-B7B8-D8E2EBB57DA9}.Debug|Any CPU.ActiveCfg = Debug|Any CPU
		{0D2F4151-DBF5-4BD3-B7B8-D8E2EBB57DA9}.Debug|Any CPU.Build.0 = Debug|Any CPU
		{0D2F4151-DBF5-4BD3-B7B8-D8E2EBB57DA9}.Release|Any CPU.ActiveCfg = Release|Any CPU
		{0D2F4151-DBF5-4BD3-B7B8-D8E2EBB57DA9}.Release|Any CPU.Build.0 = Release|Any CPU
		{BFC500A5-166E-4B46-AB18-94C8599CEBEC}.Debug|Any CPU.ActiveCfg = Debug|Any CPU
		{BFC500A5-166E-4B46-AB18-94C8599CEBEC}.Debug|Any CPU.Build.0 = Debug|Any CPU
		{BFC500A5-166E-4B46-AB18-94C8599CEBEC}.Release|Any CPU.ActiveCfg = Release|Any CPU
		{BFC500A5-166E-4B46-AB18-94C8599CEBEC}.Release|Any CPU.Build.0 = Release|Any CPU
	EndGlobalSection
	GlobalSection(SolutionProperties) = preSolution
		HideSolutionNode = FALSE
	EndGlobalSection
	GlobalSection(ExtensibilityGlobals) = postSolution
		SolutionGuid = {D6797D5F-DC94-469A-BA89-66708DCB8538}
	EndGlobalSection
EndGlobal
